github.com/BurntSushi/toml v1.3.2 h1:o7IhLm0Msx3BaB+n3Ag7L8EVlByGnpq14C4YWiu/gL8=
github.com/BurntSushi/toml v1.3.2/go.mod h1:CxXYINrC8qIiEnFrOxCa7Jy5BFHlXnUU2pbicEuybxQ=
github.com/GehirnInc/crypt v0.0.0-20200316065508-bb7000b8a962 h1:KeNholpO2xKjgaaSyd+DyQRrsQjhbSeS7qe4nEw8aQw=
github.com/GehirnInc/crypt v0.0.0-20200316065508-bb7000b8a962/go.mod h1:kC29dT1vFpj7py2OvG1khBdQpo3kInWP+6QipLbdngo=
github.com/andybalholm/brotli v1.0.5 h1:8uQZIdzKmjc/iuPu7O2ioW48L81FgatrcpfFmiq/cCs=
github.com/andybalholm/brotli v1.0.5/go.mod h1:fO7iG3H7G2nSZ7m0zPUDn85XEX2GTukHGRSepvi9Eig=
github.com/davecgh/go-spew v1.1.1 h1:vj9j/u1bqnvCEfJOwUhtlOARqs3+rkHYY13jYWTU97c=
github.com/davecgh/go-spew v1.1.1/go.mod h1:J7Y8YcW2NihsgmVo/mv3lAwl/skON4iLHjSsI+c5H38=
github.com/fasthttp/router v1.4.22 h1:qwWcYBbndVDwts4dKaz+A2ehsnbKilmiP6pUhXBfYKo=
github.com/fasthttp/router v1.4.22/go.mod h1:KeMvHLqhlB9vyDWD5TSvTccl9qeWrjSSiTJrJALHKV0=
github.com/fasthttp/session/v2 v2.5.3 h1:WaiftRzSaGA4JfJGjMcGacbRLQse/Y/QKOcxR++K1yM=
github.com/fasthttp/session/v2 v2.5.3/go.mod h1:7WZ7Dr2aFxJkFAlbpnS6EYuEmaIek/nZrTlX4XgXU/I=
github.com/klauspost/compress v1.17.0 h1:Rnbp4K9EjcDuVuHtd0dgA4qNuv9yKDYKK1ulpJwgrqM=
github.com/klauspost/compress v1.17.0/go.mod h1:ntbaceVETuRiXiv4DpjP66DpAtAGkEQskQzEyD//IeE=
github.com/philhofer/fwd v1.1.2 h1:bnDivRJ1EWPjUIRXV5KfORO897HTbpFAQddBdE8t7Gw=
github.com/philhofer/fwd v1.1.2/go.mod h1:qkPdfjR2SIEbspLqpe1tO4n5yICnr2DY7mqEx2tUTP0=
github.com/pmezard/go-difflib v1.0.0 h1:4DBwDE0NGyQoBHbLQYPwSUPoCMWR5BEzIk/f1lZbAQM=
github.com/pmezard/go-difflib v1.0.0/go.mod h1:iKH77koFhYxTK1pcRnkKkqfTogsbg7gZNVY4sRDYZ/4=
github.com/savsgio/gotils v0.0.0-20230208104028-c358bd845dee h1:8Iv5m6xEo1NR1AvpV+7XmhI4r39LGNzwUL4YpMuL5vk=
github.com/savsgio/gotils v0.0.0-20230208104028-c358bd845dee/go.mod h1:qwtSXrKuJh/zsFQ12yEE89xfCrGKK63Rr7ctU/uCo4g=
github.com/stretchr/testify v1.8.1 h1:w7B6lhMri9wdJUVmEZPGGhZzrYTPvgJArz7wNPgYKsk=
github.com/stretchr/testify v1.8.1/go.mod h1:w2LPCIKwWwSfY2zedu0+kehJoqGctiVI29o6fzry7u4=
github.com/tg123/go-htpasswd v1.2.2 h1:tmNccDsQ+wYsoRfiONzIhDm5OkVHQzN3w4FOBAlN6BY=
github.com/tg123/go-htpasswd v1.2.2/go.mod h1:FcIrK0J+6zptgVwK1JDlqyajW/1B4PtuJ/FLWl7nx8A=
github.com/tinylib/msgp v1.1.9 h1:SHf3yoO2sGA0veCJeCBYLHuttAVFHGm2RHgNodW7wQU=
github.com/tinylib/msgp v1.1.9/go.mod h1:BCXGB54lDD8qUEPmiG0cQQUANC4IUQyB2ItS2UDlO/k=
github.com/valyala/bytebufferpool v1.0.0 h1:GqA5TC/0021Y/b9FG4Oi9Mr3q7XYx6KllzawFIhcdPw=
github.com/valyala/bytebufferpool v1.0.0/go.mod h1:6bBcMArwyJ5K/AmCkWv1jt77kVWyCJ6HpOuEn7z0Csc=
github.com/valyala/fasthttp v1.51.0 h1:8b30A5JlZ6C7AS81RsWjYMQmrZG6feChmgAolCl1SqA=
github.com/valyala/fasthttp v1.51.0/go.mod h1:oI2XroL+lI7vdXyYoQk03bXBThfFl2cVdIA3Xl7cH8g=
golang.org/x/crypto v0.17.0 h1:r8bRNjWL3GshPW3gkd+RpvzWrZAwPS49OmTGZ/uhM4k=
golang.org/x/crypto v0.17.0/go.mod h1:gCAAfMLgwOJRpTjQ2zCCt2OcSfYMTeZVSRtQlPC7Nq4=
gopkg.in/yaml.v3 v3.0.1 h1:fxVm/GzAzEWqLHuvctI91KS9hhNmmWOoWu0XTYJS7CA=
gopkg.in/yaml.v3 v3.0.1/go.mod h1:K4uyk7z7BCEPqu6E+C64Yfv1cQ7kz7rIZviUmN+EgEM=
